
Microsoft Visual Studio Solution File, Format Version 12.00
# Visual Studio Version 17
VisualStudioVersion = 17.8.34601.278
MinimumVisualStudioVersion = 10.0.40219.1
Project("{9A19103F-16F7-4668-BE54-9A1E7A4F7556}") = "ATM_Sim", "ATM_Sim.csproj", "{34BD1B03-7156-464F-9010-DAF124CF2DD9}"
EndProject
Project("{9A19103F-16F7-4668-BE54-9A1E7A4F7556}") = "NumberGame", "..\..\Numbergame\NumberGame\NumberGame.csproj", "{78E21C5B-E88E-45DA-A1FE-137DFB5F185C}"
EndProject
Project("{9A19103F-16F7-4668-BE54-9A1E7A4F7556}") = "StudentSystem", "..\..\StudentSystem\StudentSystem.csproj", "{BE6CD1CD-6936-4FDC-A4C5-9A425FC0DC73}"
EndProject
Global
	GlobalSection(SolutionConfigurationPlatforms) = preSolution
		Debug|Any CPU = Debug|Any CPU
		Release|Any CPU = Release|Any CPU
	EndGlobalSection
	GlobalSection(ProjectConfigurationPlatforms) = postSolution
		{34BD1B03-7156-464F-9010-DAF124CF2DD9}.Debug|Any CPU.ActiveCfg = Debug|Any CPU
		{34BD1B03-7156-464F-9010-DAF124CF2DD9}.Debug|Any CPU.Build.0 = Debug|Any CPU
		{34BD1B03-7156-464F-9010-DAF124CF2DD9}.Release|Any CPU.ActiveCfg = Release|Any CPU
		{34BD1B03-7156-464F-9010-DAF124CF2DD9}.Release|Any CPU.Build.0 = Release|Any CPU
		{78E21C5B-E88E-45DA-A1FE-137DFB5F185C}.Debug|Any CPU.ActiveCfg = Debug|Any CPU
		{78E21C5B-E88E-45DA-A1FE-137DFB5F185C}.Debug|Any CPU.Build.0 = Debug|Any CPU
		{78E21C5B-E88E-45DA-A1FE-137DFB5F185C}.Release|Any CPU.ActiveCfg = Release|Any CPU
		{78E21C5B-E88E-45DA-A1FE-137DFB5F185C}.Release|Any CPU.Build.0 = Release|Any CPU
		{BE6CD1CD-6936-4FDC-A4C5-9A425FC0DC73}.Debug|Any CPU.ActiveCfg = Debug|Any CPU
		{BE6CD1CD-6936-4FDC-A4C5-9A425FC0DC73}.Debug|Any CPU.Build.0 = Debug|Any CPU
		{BE6CD1CD-6936-4FDC-A4C5-9A425FC0DC73}.Release|Any CPU.ActiveCfg = Release|Any CPU
		{BE6CD1CD-6936-4FDC-A4C5-9A425FC0DC73}.Release|Any CPU.Build.0 = Release|Any CPU
	EndGlobalSection
	GlobalSection(SolutionProperties) = preSolution
		HideSolutionNode = FALSE
	EndGlobalSection
	GlobalSection(ExtensibilityGlobals) = postSolution
		SolutionGuid = {EAE5EC77-819B-436B-A202-9C117CDFB3D5}
	EndGlobalSection
EndGlobal
