
Microsoft Visual Studio Solution File, Format Version 12.00
# Visual Studio Version 17
VisualStudioVersion = 17.8.34511.84
MinimumVisualStudioVersion = 10.0.40219.1
Project("{FAE04EC0-301F-11D3-BF4B-00C04F79EFBC}") = "NumberGame", "NumberGame.csproj", "{035EFB54-13F3-4613-A363-8B09333C949C}"
EndProject
Global
	GlobalSection(SolutionConfigurationPlatforms) = preSolution
		Debug|Any CPU = Debug|Any CPU
		Release|Any CPU = Release|Any CPU
	EndGlobalSection
	GlobalSection(ProjectConfigurationPlatforms) = postSolution
		{035EFB54-13F3-4613-A363-8B09333C949C}.Debug|Any CPU.ActiveCfg = Debug|Any CPU
		{035EFB54-13F3-4613-A363-8B09333C949C}.Debug|Any CPU.Build.0 = Debug|Any CPU
		{035EFB54-13F3-4613-A363-8B09333C949C}.Release|Any CPU.ActiveCfg = Release|Any CPU
		{035EFB54-13F3-4613-A363-8B09333C949C}.Release|Any CPU.Build.0 = Release|Any CPU
	EndGlobalSection
	GlobalSection(SolutionProperties) = preSolution
		HideSolutionNode = FALSE
	EndGlobalSection
	GlobalSection(ExtensibilityGlobals) = postSolution
		SolutionGuid = {01AA8EB4-735B-4C8C-9F4E-EC9B54CD5E70}
	EndGlobalSection
EndGlobal
